
Microsoft Visual Studio Solution File, Format Version 11.00
# Visual Studio 2010
Project("{2150E333-8FDC-42A3-9474-1A3956D46DE8}") = "Solution Items", "Solution Items", "{82E1C757-AC85-496D-8A7D-9B2B0CEAFF71}"
EndProject
Project("{FAE04EC0-301F-11D3-BF4B-00C04F79EFBC}") = "ConfigIt.DesertRace.Entities", "ConfigIt.DesertRace.Entities\ConfigIt.DesertRace.Entities.csproj", "{F645BA64-5EF2-4D24-ADDE-15260CCECFC7}"
EndProject
Project("{FAE04EC0-301F-11D3-BF4B-00C04F79EFBC}") = "ConfigIt.DesertRace.Console", "ConfigIt.DesertRace.Console\ConfigIt.DesertRace.Console.csproj", "{355C92DD-C391-4ECD-8AEC-A84FBEB77B29}"
EndProject
Project("{FAE04EC0-301F-11D3-BF4B-00C04F79EFBC}") = "ConfigIt.DesertRace.Test", "ConfigIt.DesertRace.Test\ConfigIt.DesertRace.Test.csproj", "{881F7F6A-77EE-458B-BBE3-95D464F86621}"
EndProject
Global
	GlobalSection(SolutionConfigurationPlatforms) = preSolution
		Debug|Any CPU = Debug|Any CPU
		Debug|Mixed Platforms = Debug|Mixed Platforms
		Debug|x86 = Debug|x86
		Release|Any CPU = Release|Any CPU
		Release|Mixed Platforms = Release|Mixed Platforms
		Release|x86 = Release|x86
	EndGlobalSection
	GlobalSection(ProjectConfigurationPlatforms) = postSolution
		{F645BA64-5EF2-4D24-ADDE-15260CCECFC7}.Debug|Any CPU.ActiveCfg = Debug|Any CPU
		{F645BA64-5EF2-4D24-ADDE-15260CCECFC7}.Debug|Any CPU.Build.0 = Debug|Any CPU
		{F645BA64-5EF2-4D24-ADDE-15260CCECFC7}.Debug|Mixed Platforms.ActiveCfg = Debug|Any CPU
		{F645BA64-5EF2-4D24-ADDE-15260CCECFC7}.Debug|Mixed Platforms.Build.0 = Debug|Any CPU
		{F645BA64-5EF2-4D24-ADDE-15260CCECFC7}.Debug|x86.ActiveCfg = Debug|Any CPU
		{F645BA64-5EF2-4D24-ADDE-15260CCECFC7}.Release|Any CPU.ActiveCfg = Release|Any CPU
		{F645BA64-5EF2-4D24-ADDE-15260CCECFC7}.Release|Any CPU.Build.0 = Release|Any CPU
		{F645BA64-5EF2-4D24-ADDE-15260CCECFC7}.Release|Mixed Platforms.ActiveCfg = Release|Any CPU
		{F645BA64-5EF2-4D24-ADDE-15260CCECFC7}.Release|Mixed Platforms.Build.0 = Release|Any CPU
		{F645BA64-5EF2-4D24-ADDE-15260CCECFC7}.Release|x86.ActiveCfg = Release|Any CPU
		{355C92DD-C391-4ECD-8AEC-A84FBEB77B29}.Debug|Any CPU.ActiveCfg = Debug|x86
		{355C92DD-C391-4ECD-8AEC-A84FBEB77B29}.Debug|Mixed Platforms.ActiveCfg = Debug|x86
		{355C92DD-C391-4ECD-8AEC-A84FBEB77B29}.Debug|Mixed Platforms.Build.0 = Debug|x86
		{355C92DD-C391-4ECD-8AEC-A84FBEB77B29}.Debug|x86.ActiveCfg = Debug|x86
		{355C92DD-C391-4ECD-8AEC-A84FBEB77B29}.Debug|x86.Build.0 = Debug|x86
		{355C92DD-C391-4ECD-8AEC-A84FBEB77B29}.Release|Any CPU.ActiveCfg = Release|x86
		{355C92DD-C391-4ECD-8AEC-A84FBEB77B29}.Release|Mixed Platforms.ActiveCfg = Release|x86
		{355C92DD-C391-4ECD-8AEC-A84FBEB77B29}.Release|Mixed Platforms.Build.0 = Release|x86
		{355C92DD-C391-4ECD-8AEC-A84FBEB77B29}.Release|x86.ActiveCfg = Release|x86
		{355C92DD-C391-4ECD-8AEC-A84FBEB77B29}.Release|x86.Build.0 = Release|x86
		{881F7F6A-77EE-458B-BBE3-95D464F86621}.Debug|Any CPU.ActiveCfg = Debug|Any CPU
		{881F7F6A-77EE-458B-BBE3-95D464F86621}.Debug|Any CPU.Build.0 = Debug|Any CPU
		{881F7F6A-77EE-458B-BBE3-95D464F86621}.Debug|Mixed Platforms.ActiveCfg = Debug|Any CPU
		{881F7F6A-77EE-458B-BBE3-95D464F86621}.Debug|Mixed Platforms.Build.0 = Debug|Any CPU
		{881F7F6A-77EE-458B-BBE3-95D464F86621}.Debug|x86.ActiveCfg = Debug|Any CPU
		{881F7F6A-77EE-458B-BBE3-95D464F86621}.Release|Any CPU.ActiveCfg = Release|Any CPU
		{881F7F6A-77EE-458B-BBE3-95D464F86621}.Release|Any CPU.Build.0 = Release|Any CPU
		{881F7F6A-77EE-458B-BBE3-95D464F86621}.Release|Mixed Platforms.ActiveCfg = Release|Any CPU
		{881F7F6A-77EE-458B-BBE3-95D464F86621}.Release|Mixed Platforms.Build.0 = Release|Any CPU
		{881F7F6A-77EE-458B-BBE3-95D464F86621}.Release|x86.ActiveCfg = Release|Any CPU
	EndGlobalSection
	GlobalSection(SolutionProperties) = preSolution
		HideSolutionNode = FALSE
	EndGlobalSection
EndGlobal
